
Microsoft Visual Studio Solution File, Format Version 12.00
# Visual Studio Version 17
VisualStudioVersion = 17.14.37012.4
MinimumVisualStudioVersion = 10.0.40219.1
Project("{8BC9CEB8-8B4A-11D0-8D11-00A0C91BC942}") = "City", "City.vcxproj", "{D069B85C-2582-4BCC-91AF-C869DC83CA8A}"
EndProject
Project("{8BC9CEB8-8B4A-11D0-8D11-00A0C91BC942}") = "Test", "Test\Test.vcxproj", "{B54EBE7A-B21C-4CFC-94B9-654DC5BDE8B6}"
EndProject
Global
	GlobalSection(SolutionConfigurationPlatforms) = preSolution
		Debug|x64 = Debug|x64
		Release|x64 = Release|x64
	EndGlobalSection
	GlobalSection(ProjectConfigurationPlatforms) = postSolution
		{D069B85C-2582-4BCC-91AF-C869DC83CA8A}.Debug|x64.ActiveCfg = Debug|x64
		{D069B85C-2582-4BCC-91AF-C869DC83CA8A}.Debug|x64.Build.0 = Debug|x64
		{D069B85C-2582-4BCC-91AF-C869DC83CA8A}.Release|x64.ActiveCfg = Release|x64
		{D069B85C-2582-4BCC-91AF-C869DC83CA8A}.Release|x64.Build.0 = Release|x64
		{B54EBE7A-B21C-4CFC-94B9-654DC5BDE8B6}.Debug|x64.ActiveCfg = Debug|x64
		{B54EBE7A-B21C-4CFC-94B9-654DC5BDE8B6}.Debug|x64.Build.0 = Debug|x64
		{B54EBE7A-B21C-4CFC-94B9-654DC5BDE8B6}.Release|x64.ActiveCfg = Release|x64
		{B54EBE7A-B21C-4CFC-94B9-654DC5BDE8B6}.Release|x64.Build.0 = Release|x64
	EndGlobalSection
	GlobalSection(SolutionProperties) = preSolution
		HideSolutionNode = FALSE
	EndGlobalSection
	GlobalSection(ExtensibilityGlobals) = postSolution
		SolutionGuid = {E44BB14D-4D34-4794-BB04-FF91155262EA}
	EndGlobalSection
EndGlobal
